
Microsoft Visual Studio Solution File, Format Version 12.00
# Visual Studio Version 16
VisualStudioVersion = 16.0.29025.244
MinimumVisualStudioVersion = 10.0.40219.1
Project("{FAE04EC0-301F-11D3-BF4B-00C04F79EFBC}") = "APIcomputers", "APIcomputers\APIcomputers.csproj", "{562D24C0-F952-4495-B770-F95A8CBB6F3D}"
EndProject
Global
	GlobalSection(SolutionConfigurationPlatforms) = preSolution
		Debug|Any CPU = Debug|Any CPU
		Release|Any CPU = Release|Any CPU
	EndGlobalSection
	GlobalSection(ProjectConfigurationPlatforms) = postSolution
		{562D24C0-F952-4495-B770-F95A8CBB6F3D}.Debug|Any CPU.ActiveCfg = Debug|Any CPU
		{562D24C0-F952-4495-B770-F95A8CBB6F3D}.Debug|Any CPU.Build.0 = Debug|Any CPU
		{562D24C0-F952-4495-B770-F95A8CBB6F3D}.Release|Any CPU.ActiveCfg = Release|Any CPU
		{562D24C0-F952-4495-B770-F95A8CBB6F3D}.Release|Any CPU.Build.0 = Release|Any CPU
	EndGlobalSection
	GlobalSection(SolutionProperties) = preSolution
		HideSolutionNode = FALSE
	EndGlobalSection
	GlobalSection(ExtensibilityGlobals) = postSolution
		SolutionGuid = {2BB923D4-0A8B-461C-90DC-6B41869EFA74}
	EndGlobalSection
EndGlobal
